
Microsoft Visual Studio Solution File, Format Version 12.00
# Visual Studio 15
VisualStudioVersion = 15.0.28010.2003
MinimumVisualStudioVersion = 10.0.40219.1
Project("{8BC9CEB8-8B4A-11D0-8D11-00A0C91BC942}") = "Dogee", "Dogee\Dogee.vcxproj", "{B25E729C-B0D7-4CC7-B6E4-246A0B038482}"
EndProject
Project("{8BC9CEB8-8B4A-11D0-8D11-00A0C91BC942}") = "DogeeTest", "DogeeTest\DogeeTest.vcxproj", "{CFF37FFD-79BD-4EF6-B25F-A09B540A2700}"
	ProjectSection(ProjectDependencies) = postProject
		{B25E729C-B0D7-4CC7-B6E4-246A0B038482} = {B25E729C-B0D7-4CC7-B6E4-246A0B038482}
	EndProjectSection
EndProject
Project("{8BC9CEB8-8B4A-11D0-8D11-00A0C91BC942}") = "SimpleExample", "examples\SimpleExample\SimpleExample.vcxproj", "{7979C85C-A19F-40E9-94BE-9A7FCD31F1F0}"
	ProjectSection(ProjectDependencies) = postProject
		{B25E729C-B0D7-4CC7-B6E4-246A0B038482} = {B25E729C-B0D7-4CC7-B6E4-246A0B038482}
	EndProjectSection
EndProject
Project("{8BC9CEB8-8B4A-11D0-8D11-00A0C91BC942}") = "LogisticRegression", "examples\LogisticRegression\LogisticRegression.vcxproj", "{5A921249-6BC2-4E58-9E0E-AF0249AF7D8D}"
	ProjectSection(ProjectDependencies) = postProject
		{B25E729C-B0D7-4CC7-B6E4-246A0B038482} = {B25E729C-B0D7-4CC7-B6E4-246A0B038482}
	EndProjectSection
EndProject
Project("{2150E333-8FDC-42A3-9474-1A3956D46DE8}") = "examples", "examples", "{A51AF21D-DF1C-47D1-B2D6-D3F01070B4E6}"
EndProject
Project("{8BC9CEB8-8B4A-11D0-8D11-00A0C91BC942}") = "ConsumerProducer", "examples\ConsumerProducer\ConsumerProducer.vcxproj", "{4F7DF7AD-AD84-4AE4-881F-4FB5D8C5CD23}"
	ProjectSection(ProjectDependencies) = postProject
		{B25E729C-B0D7-4CC7-B6E4-246A0B038482} = {B25E729C-B0D7-4CC7-B6E4-246A0B038482}
	EndProjectSection
EndProject
Project("{8BC9CEB8-8B4A-11D0-8D11-00A0C91BC942}") = "PageRankMR", "examples\PageRankMR\PageRankMR.vcxproj", "{C26EC03D-A60C-4B2A-8A20-5E3664F145BA}"
	ProjectSection(ProjectDependencies) = postProject
		{B25E729C-B0D7-4CC7-B6E4-246A0B038482} = {B25E729C-B0D7-4CC7-B6E4-246A0B038482}
	EndProjectSection
EndProject
Project("{8BC9CEB8-8B4A-11D0-8D11-00A0C91BC942}") = "K-means", "examples\K-means\K-means.vcxproj", "{E2E447D8-D6FF-47A0-A8B1-970E055C9778}"
	ProjectSection(ProjectDependencies) = postProject
		{B25E729C-B0D7-4CC7-B6E4-246A0B038482} = {B25E729C-B0D7-4CC7-B6E4-246A0B038482}
	EndProjectSection
EndProject
Project("{8BC9CEB8-8B4A-11D0-8D11-00A0C91BC942}") = "NMF", "examples\NMF\NMF.vcxproj", "{9D081298-0C7B-4EE4-AE85-3CF7999C87E1}"
	ProjectSection(ProjectDependencies) = postProject
		{B25E729C-B0D7-4CC7-B6E4-246A0B038482} = {B25E729C-B0D7-4CC7-B6E4-246A0B038482}
	EndProjectSection
EndProject
Project("{8BC9CEB8-8B4A-11D0-8D11-00A0C91BC942}") = "PageRank", "examples\PageRank\PageRank.vcxproj", "{729B9206-4C68-4C47-8D38-4A1ECA6EE2FC}"
	ProjectSection(ProjectDependencies) = postProject
		{B25E729C-B0D7-4CC7-B6E4-246A0B038482} = {B25E729C-B0D7-4CC7-B6E4-246A0B038482}
	EndProjectSection
EndProject
Project("{8BC9CEB8-8B4A-11D0-8D11-00A0C91BC942}") = "K-means-checkpoint", "examples\K-means-checkpoint\K-means-checkpoint.vcxproj", "{77A65C24-DFDA-4D16-9D0C-2C9D3724E0BB}"
	ProjectSection(ProjectDependencies) = postProject
		{B25E729C-B0D7-4CC7-B6E4-246A0B038482} = {B25E729C-B0D7-4CC7-B6E4-246A0B038482}
	EndProjectSection
EndProject
Project("{8BC9CEB8-8B4A-11D0-8D11-00A0C91BC942}") = "MapExample", "examples\MapExample\MapExample.vcxproj", "{81A777FF-DAC8-4779-90EF-623C64891D93}"
EndProject
Global
	GlobalSection(SolutionConfigurationPlatforms) = preSolution
		Debug|Mixed Platforms = Debug|Mixed Platforms
		Debug|Win32 = Debug|Win32
		Debug|x64 = Debug|x64
		Release|Mixed Platforms = Release|Mixed Platforms
		Release|Win32 = Release|Win32
		Release|x64 = Release|x64
	EndGlobalSection
	GlobalSection(ProjectConfigurationPlatforms) = postSolution
		{B25E729C-B0D7-4CC7-B6E4-246A0B038482}.Debug|Mixed Platforms.ActiveCfg = Debug|Win32
		{B25E729C-B0D7-4CC7-B6E4-246A0B038482}.Debug|Mixed Platforms.Build.0 = Debug|Win32
		{B25E729C-B0D7-4CC7-B6E4-246A0B038482}.Debug|Win32.ActiveCfg = Debug|Win32
		{B25E729C-B0D7-4CC7-B6E4-246A0B038482}.Debug|Win32.Build.0 = Debug|Win32
		{B25E729C-B0D7-4CC7-B6E4-246A0B038482}.Debug|x64.ActiveCfg = Debug|x64
		{B25E729C-B0D7-4CC7-B6E4-246A0B038482}.Debug|x64.Build.0 = Debug|x64
		{B25E729C-B0D7-4CC7-B6E4-246A0B038482}.Release|Mixed Platforms.ActiveCfg = Release|Win32
		{B25E729C-B0D7-4CC7-B6E4-246A0B038482}.Release|Mixed Platforms.Build.0 = Release|Win32
		{B25E729C-B0D7-4CC7-B6E4-246A0B038482}.Release|Win32.ActiveCfg = Release|Win32
		{B25E729C-B0D7-4CC7-B6E4-246A0B038482}.Release|Win32.Build.0 = Release|Win32
		{B25E729C-B0D7-4CC7-B6E4-246A0B038482}.Release|x64.ActiveCfg = Release|x64
		{B25E729C-B0D7-4CC7-B6E4-246A0B038482}.Release|x64.Build.0 = Release|x64
		{CFF37FFD-79BD-4EF6-B25F-A09B540A2700}.Debug|Mixed Platforms.ActiveCfg = Debug|Win32
		{CFF37FFD-79BD-4EF6-B25F-A09B540A2700}.Debug|Mixed Platforms.Build.0 = Debug|Win32
		{CFF37FFD-79BD-4EF6-B25F-A09B540A2700}.Debug|Win32.ActiveCfg = Debug|Win32
		{CFF37FFD-79BD-4EF6-B25F-A09B540A2700}.Debug|Win32.Build.0 = Debug|Win32
		{CFF37FFD-79BD-4EF6-B25F-A09B540A2700}.Debug|x64.ActiveCfg = Debug|x64
		{CFF37FFD-79BD-4EF6-B25F-A09B540A2700}.Debug|x64.Build.0 = Debug|x64
		{CFF37FFD-79BD-4EF6-B25F-A09B540A2700}.Release|Mixed Platforms.ActiveCfg = Release|Win32
		{CFF37FFD-79BD-4EF6-B25F-A09B540A2700}.Release|Mixed Platforms.Build.0 = Release|Win32
		{CFF37FFD-79BD-4EF6-B25F-A09B540A2700}.Release|Win32.ActiveCfg = Release|Win32
		{CFF37FFD-79BD-4EF6-B25F-A09B540A2700}.Release|Win32.Build.0 = Release|Win32
		{CFF37FFD-79BD-4EF6-B25F-A09B540A2700}.Release|x64.ActiveCfg = Release|x64
		{CFF37FFD-79BD-4EF6-B25F-A09B540A2700}.Release|x64.Build.0 = Release|x64
		{7979C85C-A19F-40E9-94BE-9A7FCD31F1F0}.Debug|Mixed Platforms.ActiveCfg = Debug|Win32
		{7979C85C-A19F-40E9-94BE-9A7FCD31F1F0}.Debug|Mixed Platforms.Build.0 = Debug|Win32
		{7979C85C-A19F-40E9-94BE-9A7FCD31F1F0}.Debug|Win32.ActiveCfg = Debug|Win32
		{7979C85C-A19F-40E9-94BE-9A7FCD31F1F0}.Debug|Win32.Build.0 = Debug|Win32
		{7979C85C-A19F-40E9-94BE-9A7FCD31F1F0}.Debug|x64.ActiveCfg = Debug|x64
		{7979C85C-A19F-40E9-94BE-9A7FCD31F1F0}.Release|Mixed Platforms.ActiveCfg = Release|Win32
		{7979C85C-A19F-40E9-94BE-9A7FCD31F1F0}.Release|Mixed Platforms.Build.0 = Release|Win32
		{7979C85C-A19F-40E9-94BE-9A7FCD31F1F0}.Release|Win32.ActiveCfg = Release|Win32
		{7979C85C-A19F-40E9-94BE-9A7FCD31F1F0}.Release|Win32.Build.0 = Release|Win32
		{7979C85C-A19F-40E9-94BE-9A7FCD31F1F0}.Release|x64.ActiveCfg = Release|x64
		{7979C85C-A19F-40E9-94BE-9A7FCD31F1F0}.Release|x64.Build.0 = Release|x64
		{5A921249-6BC2-4E58-9E0E-AF0249AF7D8D}.Debug|Mixed Platforms.ActiveCfg = Debug|Win32
		{5A921249-6BC2-4E58-9E0E-AF0249AF7D8D}.Debug|Mixed Platforms.Build.0 = Debug|Win32
		{5A921249-6BC2-4E58-9E0E-AF0249AF7D8D}.Debug|Win32.ActiveCfg = Debug|Win32
		{5A921249-6BC2-4E58-9E0E-AF0249AF7D8D}.Debug|Win32.Build.0 = Debug|Win32
		{5A921249-6BC2-4E58-9E0E-AF0249AF7D8D}.Debug|x64.ActiveCfg = Debug|x64
		{5A921249-6BC2-4E58-9E0E-AF0249AF7D8D}.Release|Mixed Platforms.ActiveCfg = Release|Win32
		{5A921249-6BC2-4E58-9E0E-AF0249AF7D8D}.Release|Mixed Platforms.Build.0 = Release|Win32
		{5A921249-6BC2-4E58-9E0E-AF0249AF7D8D}.Release|Win32.ActiveCfg = Release|Win32
		{5A921249-6BC2-4E58-9E0E-AF0249AF7D8D}.Release|Win32.Build.0 = Release|Win32
		{5A921249-6BC2-4E58-9E0E-AF0249AF7D8D}.Release|x64.ActiveCfg = Release|x64
		{5A921249-6BC2-4E58-9E0E-AF0249AF7D8D}.Release|x64.Build.0 = Release|x64
		{4F7DF7AD-AD84-4AE4-881F-4FB5D8C5CD23}.Debug|Mixed Platforms.ActiveCfg = Debug|Win32
		{4F7DF7AD-AD84-4AE4-881F-4FB5D8C5CD23}.Debug|Mixed Platforms.Build.0 = Debug|Win32
		{4F7DF7AD-AD84-4AE4-881F-4FB5D8C5CD23}.Debug|Win32.ActiveCfg = Debug|Win32
		{4F7DF7AD-AD84-4AE4-881F-4FB5D8C5CD23}.Debug|Win32.Build.0 = Debug|Win32
		{4F7DF7AD-AD84-4AE4-881F-4FB5D8C5CD23}.Debug|x64.ActiveCfg = Debug|Win32
		{4F7DF7AD-AD84-4AE4-881F-4FB5D8C5CD23}.Release|Mixed Platforms.ActiveCfg = Release|Win32
		{4F7DF7AD-AD84-4AE4-881F-4FB5D8C5CD23}.Release|Mixed Platforms.Build.0 = Release|Win32
		{4F7DF7AD-AD84-4AE4-881F-4FB5D8C5CD23}.Release|Win32.ActiveCfg = Release|Win32
		{4F7DF7AD-AD84-4AE4-881F-4FB5D8C5CD23}.Release|Win32.Build.0 = Release|Win32
		{4F7DF7AD-AD84-4AE4-881F-4FB5D8C5CD23}.Release|x64.ActiveCfg = Release|Win32
		{C26EC03D-A60C-4B2A-8A20-5E3664F145BA}.Debug|Mixed Platforms.ActiveCfg = Debug|Win32
		{C26EC03D-A60C-4B2A-8A20-5E3664F145BA}.Debug|Mixed Platforms.Build.0 = Debug|Win32
		{C26EC03D-A60C-4B2A-8A20-5E3664F145BA}.Debug|Win32.ActiveCfg = Debug|Win32
		{C26EC03D-A60C-4B2A-8A20-5E3664F145BA}.Debug|Win32.Build.0 = Debug|Win32
		{C26EC03D-A60C-4B2A-8A20-5E3664F145BA}.Debug|x64.ActiveCfg = Debug|Win32
		{C26EC03D-A60C-4B2A-8A20-5E3664F145BA}.Release|Mixed Platforms.ActiveCfg = Release|Win32
		{C26EC03D-A60C-4B2A-8A20-5E3664F145BA}.Release|Mixed Platforms.Build.0 = Release|Win32
		{C26EC03D-A60C-4B2A-8A20-5E3664F145BA}.Release|Win32.ActiveCfg = Release|Win32
		{C26EC03D-A60C-4B2A-8A20-5E3664F145BA}.Release|Win32.Build.0 = Release|Win32
		{C26EC03D-A60C-4B2A-8A20-5E3664F145BA}.Release|x64.ActiveCfg = Release|Win32
		{E2E447D8-D6FF-47A0-A8B1-970E055C9778}.Debug|Mixed Platforms.ActiveCfg = Debug|Win32
		{E2E447D8-D6FF-47A0-A8B1-970E055C9778}.Debug|Mixed Platforms.Build.0 = Debug|Win32
		{E2E447D8-D6FF-47A0-A8B1-970E055C9778}.Debug|Win32.ActiveCfg = Debug|Win32
		{E2E447D8-D6FF-47A0-A8B1-970E055C9778}.Debug|Win32.Build.0 = Debug|Win32
		{E2E447D8-D6FF-47A0-A8B1-970E055C9778}.Debug|x64.ActiveCfg = Debug|Win32
		{E2E447D8-D6FF-47A0-A8B1-970E055C9778}.Release|Mixed Platforms.ActiveCfg = Release|Win32
		{E2E447D8-D6FF-47A0-A8B1-970E055C9778}.Release|Mixed Platforms.Build.0 = Release|Win32
		{E2E447D8-D6FF-47A0-A8B1-970E055C9778}.Release|Win32.ActiveCfg = Release|Win32
		{E2E447D8-D6FF-47A0-A8B1-970E055C9778}.Release|Win32.Build.0 = Release|Win32
		{E2E447D8-D6FF-47A0-A8B1-970E055C9778}.Release|x64.ActiveCfg = Release|Win32
		{9D081298-0C7B-4EE4-AE85-3CF7999C87E1}.Debug|Mixed Platforms.ActiveCfg = Debug|Win32
		{9D081298-0C7B-4EE4-AE85-3CF7999C87E1}.Debug|Mixed Platforms.Build.0 = Debug|Win32
		{9D081298-0C7B-4EE4-AE85-3CF7999C87E1}.Debug|Win32.ActiveCfg = Debug|Win32
		{9D081298-0C7B-4EE4-AE85-3CF7999C87E1}.Debug|Win32.Build.0 = Debug|Win32
		{9D081298-0C7B-4EE4-AE85-3CF7999C87E1}.Debug|x64.ActiveCfg = Debug|Win32
		{9D081298-0C7B-4EE4-AE85-3CF7999C87E1}.Release|Mixed Platforms.ActiveCfg = Release|Win32
		{9D081298-0C7B-4EE4-AE85-3CF7999C87E1}.Release|Mixed Platforms.Build.0 = Release|Win32
		{9D081298-0C7B-4EE4-AE85-3CF7999C87E1}.Release|Win32.ActiveCfg = Release|Win32
		{9D081298-0C7B-4EE4-AE85-3CF7999C87E1}.Release|Win32.Build.0 = Release|Win32
		{9D081298-0C7B-4EE4-AE85-3CF7999C87E1}.Release|x64.ActiveCfg = Release|Win32
		{729B9206-4C68-4C47-8D38-4A1ECA6EE2FC}.Debug|Mixed Platforms.ActiveCfg = Debug|Win32
		{729B9206-4C68-4C47-8D38-4A1ECA6EE2FC}.Debug|Mixed Platforms.Build.0 = Debug|Win32
		{729B9206-4C68-4C47-8D38-4A1ECA6EE2FC}.Debug|Win32.ActiveCfg = Debug|Win32
		{729B9206-4C68-4C47-8D38-4A1ECA6EE2FC}.Debug|Win32.Build.0 = Debug|Win32
		{729B9206-4C68-4C47-8D38-4A1ECA6EE2FC}.Debug|x64.ActiveCfg = Debug|Win32
		{729B9206-4C68-4C47-8D38-4A1ECA6EE2FC}.Release|Mixed Platforms.ActiveCfg = Release|Win32
		{729B9206-4C68-4C47-8D38-4A1ECA6EE2FC}.Release|Mixed Platforms.Build.0 = Release|Win32
		{729B9206-4C68-4C47-8D38-4A1ECA6EE2FC}.Release|Win32.ActiveCfg = Release|Win32
		{729B9206-4C68-4C47-8D38-4A1ECA6EE2FC}.Release|Win32.Build.0 = Release|Win32
		{729B9206-4C68-4C47-8D38-4A1ECA6EE2FC}.Release|x64.ActiveCfg = Release|Win32
		{77A65C24-DFDA-4D16-9D0C-2C9D3724E0BB}.Debug|Mixed Platforms.ActiveCfg = Debug|Win32
		{77A65C24-DFDA-4D16-9D0C-2C9D3724E0BB}.Debug|Mixed Platforms.Build.0 = Debug|Win32
		{77A65C24-DFDA-4D16-9D0C-2C9D3724E0BB}.Debug|Win32.ActiveCfg = Debug|Win32
		{77A65C24-DFDA-4D16-9D0C-2C9D3724E0BB}.Debug|Win32.Build.0 = Debug|Win32
		{77A65C24-DFDA-4D16-9D0C-2C9D3724E0BB}.Debug|x64.ActiveCfg = Debug|Win32
		{77A65C24-DFDA-4D16-9D0C-2C9D3724E0BB}.Release|Mixed Platforms.ActiveCfg = Release|Win32
		{77A65C24-DFDA-4D16-9D0C-2C9D3724E0BB}.Release|Mixed Platforms.Build.0 = Release|Win32
		{77A65C24-DFDA-4D16-9D0C-2C9D3724E0BB}.Release|Win32.ActiveCfg = Release|Win32
		{77A65C24-DFDA-4D16-9D0C-2C9D3724E0BB}.Release|Win32.Build.0 = Release|Win32
		{77A65C24-DFDA-4D16-9D0C-2C9D3724E0BB}.Release|x64.ActiveCfg = Release|Win32
		{81A777FF-DAC8-4779-90EF-623C64891D93}.Debug|Mixed Platforms.ActiveCfg = Debug|Win32
		{81A777FF-DAC8-4779-90EF-623C64891D93}.Debug|Mixed Platforms.Build.0 = Debug|Win32
		{81A777FF-DAC8-4779-90EF-623C64891D93}.Debug|Win32.ActiveCfg = Debug|Win32
		{81A777FF-DAC8-4779-90EF-623C64891D93}.Debug|Win32.Build.0 = Debug|Win32
		{81A777FF-DAC8-4779-90EF-623C64891D93}.Debug|x64.ActiveCfg = Debug|x64
		{81A777FF-DAC8-4779-90EF-623C64891D93}.Debug|x64.Build.0 = Debug|x64
		{81A777FF-DAC8-4779-90EF-623C64891D93}.Release|Mixed Platforms.ActiveCfg = Release|Win32
		{81A777FF-DAC8-4779-90EF-623C64891D93}.Release|Mixed Platforms.Build.0 = Release|Win32
		{81A777FF-DAC8-4779-90EF-623C64891D93}.Release|Win32.ActiveCfg = Release|Win32
		{81A777FF-DAC8-4779-90EF-623C64891D93}.Release|Win32.Build.0 = Release|Win32
		{81A777FF-DAC8-4779-90EF-623C64891D93}.Release|x64.ActiveCfg = Release|x64
		{81A777FF-DAC8-4779-90EF-623C64891D93}.Release|x64.Build.0 = Release|x64
	EndGlobalSection
	GlobalSection(SolutionProperties) = preSolution
		HideSolutionNode = FALSE
	EndGlobalSection
	GlobalSection(NestedProjects) = preSolution
		{7979C85C-A19F-40E9-94BE-9A7FCD31F1F0} = {A51AF21D-DF1C-47D1-B2D6-D3F01070B4E6}
		{5A921249-6BC2-4E58-9E0E-AF0249AF7D8D} = {A51AF21D-DF1C-47D1-B2D6-D3F01070B4E6}
		{4F7DF7AD-AD84-4AE4-881F-4FB5D8C5CD23} = {A51AF21D-DF1C-47D1-B2D6-D3F01070B4E6}
		{C26EC03D-A60C-4B2A-8A20-5E3664F145BA} = {A51AF21D-DF1C-47D1-B2D6-D3F01070B4E6}
		{E2E447D8-D6FF-47A0-A8B1-970E055C9778} = {A51AF21D-DF1C-47D1-B2D6-D3F01070B4E6}
		{9D081298-0C7B-4EE4-AE85-3CF7999C87E1} = {A51AF21D-DF1C-47D1-B2D6-D3F01070B4E6}
		{729B9206-4C68-4C47-8D38-4A1ECA6EE2FC} = {A51AF21D-DF1C-47D1-B2D6-D3F01070B4E6}
		{77A65C24-DFDA-4D16-9D0C-2C9D3724E0BB} = {A51AF21D-DF1C-47D1-B2D6-D3F01070B4E6}
		{81A777FF-DAC8-4779-90EF-623C64891D93} = {A51AF21D-DF1C-47D1-B2D6-D3F01070B4E6}
	EndGlobalSection
	GlobalSection(ExtensibilityGlobals) = postSolution
		SolutionGuid = {91BEAB64-321F-4934-BDC8-2F0A7AE4E5CD}
	EndGlobalSection
EndGlobal
